
Microsoft Visual Studio Solution File, Format Version 12.00
# Visual Studio Version 18
VisualStudioVersion = 18.1.11312.151 d18.0
MinimumVisualStudioVersion = 10.0.40219.1
Project("{FAE04EC0-301F-11D3-BF4B-00C04F79EFBC}") = "Tournament.API", "Tournament.API\Tournament.API.csproj", "{78C5EC1A-6625-4595-A348-AF5DD566C1B9}"
	ProjectSection(ProjectDependencies) = postProject
		{2085D535-5C73-4BF0-83E0-8A56F089D6C0} = {2085D535-5C73-4BF0-83E0-8A56F089D6C0}
		{6EC8618B-9035-4C36-8BDE-046C2DC5F4AD} = {6EC8618B-9035-4C36-8BDE-046C2DC5F4AD}
	EndProjectSection
EndProject
Project("{FAE04EC0-301F-11D3-BF4B-00C04F79EFBC}") = "Tournament.Core", "Tournament.Core\Tournament.Core.csproj", "{6EC8618B-9035-4C36-8BDE-046C2DC5F4AD}"
EndProject
Project("{FAE04EC0-301F-11D3-BF4B-00C04F79EFBC}") = "Tournament.Data", "Turnament.Data\Tournament.Data.csproj", "{2085D535-5C73-4BF0-83E0-8A56F089D6C0}"
	ProjectSection(ProjectDependencies) = postProject
		{6EC8618B-9035-4C36-8BDE-046C2DC5F4AD} = {6EC8618B-9035-4C36-8BDE-046C2DC5F4AD}
	EndProjectSection
EndProject
Project("{FAE04EC0-301F-11D3-BF4B-00C04F79EFBC}") = "Tournament.Tests", "Tournament.Tests\Tournament.Tests.csproj", "{E7E014AA-17D1-4410-AE1C-AC4979374A2A}"
EndProject
Project("{FAE04EC0-301F-11D3-BF4B-00C04F79EFBC}") = "Tournament.Services", "Tournament.Services\Tournament.Services.csproj", "{A90DA1A5-6AE8-43F4-B767-9C60B21265E4}"
EndProject
Project("{FAE04EC0-301F-11D3-BF4B-00C04F79EFBC}") = "Tournament.Presentation", "Tournament.Presentation\Tournament.Presentation.csproj", "{66EFD15C-022B-4DB4-8071-383B27DD1DB0}"
EndProject
Project("{FAE04EC0-301F-11D3-BF4B-00C04F79EFBC}") = "Service.Contracts", "Service.Contracts\Service.Contracts.csproj", "{4F17DDCE-D271-4A72-90F7-1B81FDB3DE5E}"
EndProject
Project("{FAE04EC0-301F-11D3-BF4B-00C04F79EFBC}") = "Tournament.Shared", "Tournament.Shared\Tournament.Shared.csproj", "{989114A6-4FC5-2304-44AC-229A50CD2CAE}"
EndProject
Global
	GlobalSection(SolutionConfigurationPlatforms) = preSolution
		Debug|Any CPU = Debug|Any CPU
		Release|Any CPU = Release|Any CPU
	EndGlobalSection
	GlobalSection(ProjectConfigurationPlatforms) = postSolution
		{78C5EC1A-6625-4595-A348-AF5DD566C1B9}.Debug|Any CPU.ActiveCfg = Debug|Any CPU
		{78C5EC1A-6625-4595-A348-AF5DD566C1B9}.Debug|Any CPU.Build.0 = Debug|Any CPU
		{78C5EC1A-6625-4595-A348-AF5DD566C1B9}.Release|Any CPU.ActiveCfg = Release|Any CPU
		{78C5EC1A-6625-4595-A348-AF5DD566C1B9}.Release|Any CPU.Build.0 = Release|Any CPU
		{6EC8618B-9035-4C36-8BDE-046C2DC5F4AD}.Debug|Any CPU.ActiveCfg = Debug|Any CPU
		{6EC8618B-9035-4C36-8BDE-046C2DC5F4AD}.Debug|Any CPU.Build.0 = Debug|Any CPU
		{6EC8618B-9035-4C36-8BDE-046C2DC5F4AD}.Release|Any CPU.ActiveCfg = Release|Any CPU
		{6EC8618B-9035-4C36-8BDE-046C2DC5F4AD}.Release|Any CPU.Build.0 = Release|Any CPU
		{2085D535-5C73-4BF0-83E0-8A56F089D6C0}.Debug|Any CPU.ActiveCfg = Debug|Any CPU
		{2085D535-5C73-4BF0-83E0-8A56F089D6C0}.Debug|Any CPU.Build.0 = Debug|Any CPU
		{2085D535-5C73-4BF0-83E0-8A56F089D6C0}.Release|Any CPU.ActiveCfg = Release|Any CPU
		{2085D535-5C73-4BF0-83E0-8A56F089D6C0}.Release|Any CPU.Build.0 = Release|Any CPU
		{E7E014AA-17D1-4410-AE1C-AC4979374A2A}.Debug|Any CPU.ActiveCfg = Debug|Any CPU
		{E7E014AA-17D1-4410-AE1C-AC4979374A2A}.Debug|Any CPU.Build.0 = Debug|Any CPU
		{E7E014AA-17D1-4410-AE1C-AC4979374A2A}.Release|Any CPU.ActiveCfg = Release|Any CPU
		{E7E014AA-17D1-4410-AE1C-AC4979374A2A}.Release|Any CPU.Build.0 = Release|Any CPU
		{A90DA1A5-6AE8-43F4-B767-9C60B21265E4}.Debug|Any CPU.ActiveCfg = Debug|Any CPU
		{A90DA1A5-6AE8-43F4-B767-9C60B21265E4}.Debug|Any CPU.Build.0 = Debug|Any CPU
		{A90DA1A5-6AE8-43F4-B767-9C60B21265E4}.Release|Any CPU.ActiveCfg = Release|Any CPU
		{A90DA1A5-6AE8-43F4-B767-9C60B21265E4}.Release|Any CPU.Build.0 = Release|Any CPU
		{66EFD15C-022B-4DB4-8071-383B27DD1DB0}.Debug|Any CPU.ActiveCfg = Debug|Any CPU
		{66EFD15C-022B-4DB4-8071-383B27DD1DB0}.Debug|Any CPU.Build.0 = Debug|Any CPU
		{66EFD15C-022B-4DB4-8071-383B27DD1DB0}.Release|Any CPU.ActiveCfg = Release|Any CPU
		{66EFD15C-022B-4DB4-8071-383B27DD1DB0}.Release|Any CPU.Build.0 = Release|Any CPU
		{4F17DDCE-D271-4A72-90F7-1B81FDB3DE5E}.Debug|Any CPU.ActiveCfg = Debug|Any CPU
		{4F17DDCE-D271-4A72-90F7-1B81FDB3DE5E}.Debug|Any CPU.Build.0 = Debug|Any CPU
		{4F17DDCE-D271-4A72-90F7-1B81FDB3DE5E}.Release|Any CPU.ActiveCfg = Release|Any CPU
		{4F17DDCE-D271-4A72-90F7-1B81FDB3DE5E}.Release|Any CPU.Build.0 = Release|Any CPU
		{989114A6-4FC5-2304-44AC-229A50CD2CAE}.Debug|Any CPU.ActiveCfg = Debug|Any CPU
		{989114A6-4FC5-2304-44AC-229A50CD2CAE}.Debug|Any CPU.Build.0 = Debug|Any CPU
		{989114A6-4FC5-2304-44AC-229A50CD2CAE}.Release|Any CPU.ActiveCfg = Release|Any CPU
		{989114A6-4FC5-2304-44AC-229A50CD2CAE}.Release|Any CPU.Build.0 = Release|Any CPU
	EndGlobalSection
	GlobalSection(SolutionProperties) = preSolution
		HideSolutionNode = FALSE
	EndGlobalSection
	GlobalSection(ExtensibilityGlobals) = postSolution
		SolutionGuid = {9428EE78-5110-4092-80BF-E40CB06FA48A}
	EndGlobalSection
EndGlobal
